// !$*UTF8*$!
{
	archiveVersion = 1;
	classes = {
	};
	objectVersion = 46;
	objects = {

/* Begin PBXBuildFile section */
		3420EE781DA3E04E000AFEB3 /* weathericons-regular-webfont.ttf in Resources */ = {isa = PBXBuildFile; fileRef = 3420EE771DA3E04E000AFEB3 /* weathericons-regular-webfont.ttf */; };
		3427494D1DACF0A7008359FA /* LocationController.swift in Sources */ = {isa = PBXBuildFile; fileRef = 3427494C1DACF0A7008359FA /* LocationController.swift */; };
		3427494F1DACF39B008359FA /* LocationControllerDelegate.swift in Sources */ = {isa = PBXBuildFile; fileRef = 3427494E1DACF39B008359FA /* LocationControllerDelegate.swift */; };
		342749511DACFF36008359FA /* Location.swift in Sources */ = {isa = PBXBuildFile; fileRef = 342749501DACFF36008359FA /* Location.swift */; };
		3436582C1DA8DD1100B3E9DD /* WeatherIcon.swift in Sources */ = {isa = PBXBuildFile; fileRef = 3436582B1DA8DD1100B3E9DD /* WeatherIcon.swift */; };
		3436582E1DA8EF8700B3E9DD /* WeatherIconTests.swift in Sources */ = {isa = PBXBuildFile; fileRef = 3436582D1DA8EF8700B3E9DD /* WeatherIconTests.swift */; };
		343658301DA8F34400B3E9DD /* DetailedForecastTests.swift in Sources */ = {isa = PBXBuildFile; fileRef = 3436582F1DA8F34400B3E9DD /* DetailedForecastTests.swift */; };
		343BA01C1D9A593E003AAC9C /* DarkSkyUnitsTests.swift in Sources */ = {isa = PBXBuildFile; fileRef = 343BA01B1D9A593E003AAC9C /* DarkSkyUnitsTests.swift */; };
		343FDB1A1D99BDAD00689412 /* DataPointTests.swift in Sources */ = {isa = PBXBuildFile; fileRef = 343FDB191D99BDAD00689412 /* DataPointTests.swift */; };
		3470407C1D9570850024BDF1 /* empty.json in Resources */ = {isa = PBXBuildFile; fileRef = 3470407B1D9570850024BDF1 /* empty.json */; };
		3470407E1D9570A30024BDF1 /* invalid.json in Resources */ = {isa = PBXBuildFile; fileRef = 3470407D1D9570A30024BDF1 /* invalid.json */; };
		347040801D9570BF0024BDF1 /* junk.json in Resources */ = {isa = PBXBuildFile; fileRef = 3470407F1D9570BF0024BDF1 /* junk.json */; };
		347040821D9570E20024BDF1 /* simple.json in Resources */ = {isa = PBXBuildFile; fileRef = 347040811D9570E20024BDF1 /* simple.json */; };
		347040841D9576D10024BDF1 /* DarkSkyForecast.swift in Sources */ = {isa = PBXBuildFile; fileRef = 347040831D9576D10024BDF1 /* DarkSkyForecast.swift */; };
		347040861D9576F70024BDF1 /* DarkSkyForecastInit.swift in Sources */ = {isa = PBXBuildFile; fileRef = 347040851D9576F70024BDF1 /* DarkSkyForecastInit.swift */; };
		347040881D9693C20024BDF1 /* DataPoint.swift in Sources */ = {isa = PBXBuildFile; fileRef = 347040871D9693C20024BDF1 /* DataPoint.swift */; };
		3470408A1D9694020024BDF1 /* DataPointInit.swift in Sources */ = {isa = PBXBuildFile; fileRef = 347040891D9694020024BDF1 /* DataPointInit.swift */; };
		3470408C1D97A5C80024BDF1 /* DarkSkyUnits.swift in Sources */ = {isa = PBXBuildFile; fileRef = 3470408B1D97A5C80024BDF1 /* DarkSkyUnits.swift */; };
		3470408E1D97E56D0024BDF1 /* raincoat1.png in Resources */ = {isa = PBXBuildFile; fileRef = 3470408D1D97E56D0024BDF1 /* raincoat1.png */; };
		3486A3E91DA0317D0075156E /* DetailedForecast.swift in Sources */ = {isa = PBXBuildFile; fileRef = 3486A3E81DA0317D0075156E /* DetailedForecast.swift */; };
		349DA01D1DAA41F700A37AA4 /* MoonIcon.swift in Sources */ = {isa = PBXBuildFile; fileRef = 349DA01C1DAA41F700A37AA4 /* MoonIcon.swift */; };
		34CFC6021D91A837008762B0 /* AppDelegate.swift in Sources */ = {isa = PBXBuildFile; fileRef = 34CFC6011D91A837008762B0 /* AppDelegate.swift */; };
		34CFC6041D91A837008762B0 /* ViewController.swift in Sources */ = {isa = PBXBuildFile; fileRef = 34CFC6031D91A837008762B0 /* ViewController.swift */; };
		34CFC6071D91A837008762B0 /* Main.storyboard in Resources */ = {isa = PBXBuildFile; fileRef = 34CFC6051D91A837008762B0 /* Main.storyboard */; };
		34CFC6091D91A837008762B0 /* Assets.xcassets in Resources */ = {isa = PBXBuildFile; fileRef = 34CFC6081D91A837008762B0 /* Assets.xcassets */; };
		34CFC60C1D91A837008762B0 /* LaunchScreen.storyboard in Resources */ = {isa = PBXBuildFile; fileRef = 34CFC60A1D91A837008762B0 /* LaunchScreen.storyboard */; };
		34CFC6321D91B928008762B0 /* DarkSkyClientTests.swift in Sources */ = {isa = PBXBuildFile; fileRef = 34CFC6311D91B928008762B0 /* DarkSkyClientTests.swift */; };
		34CFC6341D91B9B0008762B0 /* DarkSkyClient.swift in Sources */ = {isa = PBXBuildFile; fileRef = 34CFC6331D91B9B0008762B0 /* DarkSkyClient.swift */; };
		34CFC6381D91DB8F008762B0 /* LocationTests.swift in Sources */ = {isa = PBXBuildFile; fileRef = 34CFC6371D91DB8F008762B0 /* LocationTests.swift */; };
		34F662B61DA51C4500BB6302 /* Compass.swift in Sources */ = {isa = PBXBuildFile; fileRef = 34F662B51DA51C4500BB6302 /* Compass.swift */; };
/* End PBXBuildFile section */

/* Begin PBXContainerItemProxy section */
		34CFC6131D91A837008762B0 /* PBXContainerItemProxy */ = {
			isa = PBXContainerItemProxy;
			containerPortal = 34CFC5F61D91A837008762B0 /* Project object */;
			proxyType = 1;
			remoteGlobalIDString = 34CFC5FD1D91A837008762B0;
			remoteInfo = Raincoat;
		};
/* End PBXContainerItemProxy section */

/* Begin PBXFileReference section */
		3420EE771DA3E04E000AFEB3 /* weathericons-regular-webfont.ttf */ = {isa = PBXFileReference; lastKnownFileType = file; path = "weathericons-regular-webfont.ttf"; sourceTree = "<group>"; };
		3427494C1DACF0A7008359FA /* LocationController.swift */ = {isa = PBXFileReference; fileEncoding = 4; lastKnownFileType = sourcecode.swift; path = LocationController.swift; sourceTree = "<group>"; };
		3427494E1DACF39B008359FA /* LocationControllerDelegate.swift */ = {isa = PBXFileReference; fileEncoding = 4; lastKnownFileType = sourcecode.swift; path = LocationControllerDelegate.swift; sourceTree = "<group>"; };
		342749501DACFF36008359FA /* Location.swift */ = {isa = PBXFileReference; fileEncoding = 4; lastKnownFileType = sourcecode.swift; path = Location.swift; sourceTree = "<group>"; };
		3436582B1DA8DD1100B3E9DD /* WeatherIcon.swift */ = {isa = PBXFileReference; fileEncoding = 4; lastKnownFileType = sourcecode.swift; path = WeatherIcon.swift; sourceTree = "<group>"; };
		3436582D1DA8EF8700B3E9DD /* WeatherIconTests.swift */ = {isa = PBXFileReference; fileEncoding = 4; lastKnownFileType = sourcecode.swift; path = WeatherIconTests.swift; sourceTree = "<group>"; };
		3436582F1DA8F34400B3E9DD /* DetailedForecastTests.swift */ = {isa = PBXFileReference; fileEncoding = 4; lastKnownFileType = sourcecode.swift; path = DetailedForecastTests.swift; sourceTree = "<group>"; };
		343BA01B1D9A593E003AAC9C /* DarkSkyUnitsTests.swift */ = {isa = PBXFileReference; fileEncoding = 4; lastKnownFileType = sourcecode.swift; path = DarkSkyUnitsTests.swift; sourceTree = "<group>"; };
		343FDB191D99BDAD00689412 /* DataPointTests.swift */ = {isa = PBXFileReference; fileEncoding = 4; lastKnownFileType = sourcecode.swift; path = DataPointTests.swift; sourceTree = "<group>"; };
		3470407B1D9570850024BDF1 /* empty.json */ = {isa = PBXFileReference; fileEncoding = 4; lastKnownFileType = text.json; path = empty.json; sourceTree = "<group>"; };
		3470407D1D9570A30024BDF1 /* invalid.json */ = {isa = PBXFileReference; fileEncoding = 4; lastKnownFileType = text.json; path = invalid.json; sourceTree = "<group>"; };
		3470407F1D9570BF0024BDF1 /* junk.json */ = {isa = PBXFileReference; fileEncoding = 4; lastKnownFileType = text.json; path = junk.json; sourceTree = "<group>"; };
		347040811D9570E20024BDF1 /* simple.json */ = {isa = PBXFileReference; fileEncoding = 4; lastKnownFileType = text.json; path = simple.json; sourceTree = "<group>"; };
		347040831D9576D10024BDF1 /* DarkSkyForecast.swift */ = {isa = PBXFileReference; fileEncoding = 4; lastKnownFileType = sourcecode.swift; path = DarkSkyForecast.swift; sourceTree = "<group>"; };
		347040851D9576F70024BDF1 /* DarkSkyForecastInit.swift */ = {isa = PBXFileReference; fileEncoding = 4; lastKnownFileType = sourcecode.swift; path = DarkSkyForecastInit.swift; sourceTree = "<group>"; };
		347040871D9693C20024BDF1 /* DataPoint.swift */ = {isa = PBXFileReference; fileEncoding = 4; lastKnownFileType = sourcecode.swift; path = DataPoint.swift; sourceTree = "<group>"; };
		347040891D9694020024BDF1 /* DataPointInit.swift */ = {isa = PBXFileReference; fileEncoding = 4; lastKnownFileType = sourcecode.swift; path = DataPointInit.swift; sourceTree = "<group>"; };
		3470408B1D97A5C80024BDF1 /* DarkSkyUnits.swift */ = {isa = PBXFileReference; fileEncoding = 4; lastKnownFileType = sourcecode.swift; path = DarkSkyUnits.swift; sourceTree = "<group>"; };
		3470408D1D97E56D0024BDF1 /* raincoat1.png */ = {isa = PBXFileReference; lastKnownFileType = image.png; path = raincoat1.png; sourceTree = "<group>"; };
		3486A3E81DA0317D0075156E /* DetailedForecast.swift */ = {isa = PBXFileReference; fileEncoding = 4; lastKnownFileType = sourcecode.swift; path = DetailedForecast.swift; sourceTree = "<group>"; };
		349DA01C1DAA41F700A37AA4 /* MoonIcon.swift */ = {isa = PBXFileReference; fileEncoding = 4; lastKnownFileType = sourcecode.swift; path = MoonIcon.swift; sourceTree = "<group>"; };
		34CFC5FE1D91A837008762B0 /* Raincoat.app */ = {isa = PBXFileReference; explicitFileType = wrapper.application; includeInIndex = 0; path = Raincoat.app; sourceTree = BUILT_PRODUCTS_DIR; };
		34CFC6011D91A837008762B0 /* AppDelegate.swift */ = {isa = PBXFileReference; lastKnownFileType = sourcecode.swift; path = AppDelegate.swift; sourceTree = "<group>"; };
		34CFC6031D91A837008762B0 /* ViewController.swift */ = {isa = PBXFileReference; lastKnownFileType = sourcecode.swift; path = ViewController.swift; sourceTree = "<group>"; };
		34CFC6061D91A837008762B0 /* Base */ = {isa = PBXFileReference; lastKnownFileType = file.storyboard; name = Base; path = Base.lproj/Main.storyboard; sourceTree = "<group>"; };
		34CFC6081D91A837008762B0 /* Assets.xcassets */ = {isa = PBXFileReference; lastKnownFileType = folder.assetcatalog; path = Assets.xcassets; sourceTree = "<group>"; };
		34CFC60B1D91A837008762B0 /* Base */ = {isa = PBXFileReference; lastKnownFileType = file.storyboard; name = Base; path = Base.lproj/LaunchScreen.storyboard; sourceTree = "<group>"; };
		34CFC60D1D91A837008762B0 /* Info.plist */ = {isa = PBXFileReference; lastKnownFileType = text.plist.xml; path = Info.plist; sourceTree = "<group>"; };
		34CFC6121D91A837008762B0 /* RaincoatTests.xctest */ = {isa = PBXFileReference; explicitFileType = wrapper.cfbundle; includeInIndex = 0; path = RaincoatTests.xctest; sourceTree = BUILT_PRODUCTS_DIR; };
		34CFC6181D91A837008762B0 /* Info.plist */ = {isa = PBXFileReference; lastKnownFileType = text.plist.xml; path = Info.plist; sourceTree = "<group>"; };
		34CFC6311D91B928008762B0 /* DarkSkyClientTests.swift */ = {isa = PBXFileReference; fileEncoding = 4; lastKnownFileType = sourcecode.swift; path = DarkSkyClientTests.swift; sourceTree = "<group>"; };
		34CFC6331D91B9B0008762B0 /* DarkSkyClient.swift */ = {isa = PBXFileReference; fileEncoding = 4; lastKnownFileType = sourcecode.swift; path = DarkSkyClient.swift; sourceTree = "<group>"; };
		34CFC6371D91DB8F008762B0 /* LocationTests.swift */ = {isa = PBXFileReference; fileEncoding = 4; lastKnownFileType = sourcecode.swift; path = LocationTests.swift; sourceTree = "<group>"; };
		34F662B51DA51C4500BB6302 /* Compass.swift */ = {isa = PBXFileReference; fileEncoding = 4; lastKnownFileType = sourcecode.swift; path = Compass.swift; sourceTree = "<group>"; };
/* End PBXFileReference section */

/* Begin PBXFrameworksBuildPhase section */
		34CFC5FB1D91A837008762B0 /* Frameworks */ = {
			isa = PBXFrameworksBuildPhase;
			buildActionMask = 2147483647;
			files = (
			);
			runOnlyForDeploymentPostprocessing = 0;
		};
		34CFC60F1D91A837008762B0 /* Frameworks */ = {
			isa = PBXFrameworksBuildPhase;
			buildActionMask = 2147483647;
			files = (
			);
			runOnlyForDeploymentPostprocessing = 0;
		};
/* End PBXFrameworksBuildPhase section */

/* Begin PBXGroup section */
		3420EE761DA3DF7B000AFEB3 /* Fonts */ = {
			isa = PBXGroup;
			children = (
				3420EE771DA3E04E000AFEB3 /* weathericons-regular-webfont.ttf */,
			);
			path = Fonts;
			sourceTree = "<group>";
		};
		3427494B1DACF043008359FA /* Location */ = {
			isa = PBXGroup;
			children = (
				3427494C1DACF0A7008359FA /* LocationController.swift */,
				3427494E1DACF39B008359FA /* LocationControllerDelegate.swift */,
				342749501DACFF36008359FA /* Location.swift */,
			);
			path = Location;
			sourceTree = "<group>";
		};
		34CFC5F51D91A837008762B0 = {
			isa = PBXGroup;
			children = (
				34CFC6001D91A837008762B0 /* Raincoat */,
				34CFC6151D91A837008762B0 /* RaincoatTests */,
				34CFC5FF1D91A837008762B0 /* Products */,
			);
			sourceTree = "<group>";
		};
		34CFC5FF1D91A837008762B0 /* Products */ = {
			isa = PBXGroup;
			children = (
				34CFC5FE1D91A837008762B0 /* Raincoat.app */,
				34CFC6121D91A837008762B0 /* RaincoatTests.xctest */,
			);
			name = Products;
			sourceTree = "<group>";
		};
		34CFC6001D91A837008762B0 /* Raincoat */ = {
			isa = PBXGroup;
			children = (
				3427494B1DACF043008359FA /* Location */,
				34CFC62F1D91B5F8008762B0 /* DarkSky */,
				34CFC6011D91A837008762B0 /* AppDelegate.swift */,
				34CFC6031D91A837008762B0 /* ViewController.swift */,
				34CFC6051D91A837008762B0 /* Main.storyboard */,
				34CFC6081D91A837008762B0 /* Assets.xcassets */,
				34CFC60A1D91A837008762B0 /* LaunchScreen.storyboard */,
				34CFC60D1D91A837008762B0 /* Info.plist */,
				3420EE761DA3DF7B000AFEB3 /* Fonts */,
			);
			path = Raincoat;
			sourceTree = "<group>";
		};
		34CFC6151D91A837008762B0 /* RaincoatTests */ = {
			isa = PBXGroup;
			children = (
				34CFC6301D91B850008762B0 /* DarkSky */,
				34CFC6181D91A837008762B0 /* Info.plist */,
			);
			path = RaincoatTests;
			sourceTree = "<group>";
		};
		34CFC62F1D91B5F8008762B0 /* DarkSky */ = {
			isa = PBXGroup;
			children = (
				34CFC6331D91B9B0008762B0 /* DarkSkyClient.swift */,
				347040831D9576D10024BDF1 /* DarkSkyForecast.swift */,
				347040851D9576F70024BDF1 /* DarkSkyForecastInit.swift */,
				347040871D9693C20024BDF1 /* DataPoint.swift */,
				347040891D9694020024BDF1 /* DataPointInit.swift */,
				3470408B1D97A5C80024BDF1 /* DarkSkyUnits.swift */,
				3470408D1D97E56D0024BDF1 /* raincoat1.png */,
				3486A3E81DA0317D0075156E /* DetailedForecast.swift */,
				34F662B51DA51C4500BB6302 /* Compass.swift */,
				3436582B1DA8DD1100B3E9DD /* WeatherIcon.swift */,
				349DA01C1DAA41F700A37AA4 /* MoonIcon.swift */,
			);
			path = DarkSky;
			sourceTree = "<group>";
		};
		34CFC6301D91B850008762B0 /* DarkSky */ = {
			isa = PBXGroup;
			children = (
				34CFC6311D91B928008762B0 /* DarkSkyClientTests.swift */,
				34CFC6371D91DB8F008762B0 /* LocationTests.swift */,
				3470407B1D9570850024BDF1 /* empty.json */,
				3470407D1D9570A30024BDF1 /* invalid.json */,
				3470407F1D9570BF0024BDF1 /* junk.json */,
				347040811D9570E20024BDF1 /* simple.json */,
				343FDB191D99BDAD00689412 /* DataPointTests.swift */,
				343BA01B1D9A593E003AAC9C /* DarkSkyUnitsTests.swift */,
				3436582D1DA8EF8700B3E9DD /* WeatherIconTests.swift */,
				3436582F1DA8F34400B3E9DD /* DetailedForecastTests.swift */,
			);
			name = DarkSky;
			sourceTree = "<group>";
		};
/* End PBXGroup section */

/* Begin PBXNativeTarget section */
		34CFC5FD1D91A837008762B0 /* Raincoat */ = {
			isa = PBXNativeTarget;
			buildConfigurationList = 34CFC6261D91A837008762B0 /* Build configuration list for PBXNativeTarget "Raincoat" */;
			buildPhases = (
				34CFC5FA1D91A837008762B0 /* Sources */,
				34CFC5FB1D91A837008762B0 /* Frameworks */,
				34CFC5FC1D91A837008762B0 /* Resources */,
			);
			buildRules = (
			);
			dependencies = (
			);
			name = Raincoat;
			productName = Raincoat;
			productReference = 34CFC5FE1D91A837008762B0 /* Raincoat.app */;
			productType = "com.apple.product-type.application";
		};
		34CFC6111D91A837008762B0 /* RaincoatTests */ = {
			isa = PBXNativeTarget;
			buildConfigurationList = 34CFC6291D91A837008762B0 /* Build configuration list for PBXNativeTarget "RaincoatTests" */;
			buildPhases = (
				34CFC60E1D91A837008762B0 /* Sources */,
				34CFC60F1D91A837008762B0 /* Frameworks */,
				34CFC6101D91A837008762B0 /* Resources */,
			);
			buildRules = (
			);
			dependencies = (
				34CFC6141D91A837008762B0 /* PBXTargetDependency */,
			);
			name = RaincoatTests;
			productName = RaincoatTests;
			productReference = 34CFC6121D91A837008762B0 /* RaincoatTests.xctest */;
			productType = "com.apple.product-type.bundle.unit-test";
		};
/* End PBXNativeTarget section */

/* Begin PBXProject section */
		34CFC5F61D91A837008762B0 /* Project object */ = {
			isa = PBXProject;
			attributes = {
				KnownAssetTags = (
					New,
				);
				LastSwiftUpdateCheck = 0800;
				LastUpgradeCheck = 0810;
				ORGANIZATIONNAME = "Vincent O'Sullivan";
				TargetAttributes = {
					34CFC5FD1D91A837008762B0 = {
						CreatedOnToolsVersion = 8.0;
						DevelopmentTeam = 27QRRWZMS6;
						ProvisioningStyle = Automatic;
					};
					34CFC6111D91A837008762B0 = {
						CreatedOnToolsVersion = 8.0;
						DevelopmentTeam = 27QRRWZMS6;
						ProvisioningStyle = Automatic;
						TestTargetID = 34CFC5FD1D91A837008762B0;
					};
				};
			};
			buildConfigurationList = 34CFC5F91D91A837008762B0 /* Build configuration list for PBXProject "Raincoat" */;
			compatibilityVersion = "Xcode 3.2";
			developmentRegion = English;
			hasScannedForEncodings = 0;
			knownRegions = (
				en,
				Base,
			);
			mainGroup = 34CFC5F51D91A837008762B0;
			productRefGroup = 34CFC5FF1D91A837008762B0 /* Products */;
			projectDirPath = "";
			projectRoot = "";
			targets = (
				34CFC5FD1D91A837008762B0 /* Raincoat */,
				34CFC6111D91A837008762B0 /* RaincoatTests */,
			);
		};
/* End PBXProject section */

/* Begin PBXResourcesBuildPhase section */
		34CFC5FC1D91A837008762B0 /* Resources */ = {
			isa = PBXResourcesBuildPhase;
			buildActionMask = 2147483647;
			files = (
				34CFC60C1D91A837008762B0 /* LaunchScreen.storyboard in Resources */,
				34CFC6091D91A837008762B0 /* Assets.xcassets in Resources */,
				3470408E1D97E56D0024BDF1 /* raincoat1.png in Resources */,
				3420EE781DA3E04E000AFEB3 /* weathericons-regular-webfont.ttf in Resources */,
				34CFC6071D91A837008762B0 /* Main.storyboard in Resources */,
			);
			runOnlyForDeploymentPostprocessing = 0;
		};
		34CFC6101D91A837008762B0 /* Resources */ = {
			isa = PBXResourcesBuildPhase;
			buildActionMask = 2147483647;
			files = (
				347040801D9570BF0024BDF1 /* junk.json in Resources */,
				347040821D9570E20024BDF1 /* simple.json in Resources */,
				3470407C1D9570850024BDF1 /* empty.json in Resources */,
				3470407E1D9570A30024BDF1 /* invalid.json in Resources */,
			);
			runOnlyForDeploymentPostprocessing = 0;
		};
/* End PBXResourcesBuildPhase section */

/* Begin PBXSourcesBuildPhase section */
		34CFC5FA1D91A837008762B0 /* Sources */ = {
			isa = PBXSourcesBuildPhase;
			buildActionMask = 2147483647;
			files = (
				34CFC6041D91A837008762B0 /* ViewController.swift in Sources */,
				3436582C1DA8DD1100B3E9DD /* WeatherIcon.swift in Sources */,
				342749511DACFF36008359FA /* Location.swift in Sources */,
				3486A3E91DA0317D0075156E /* DetailedForecast.swift in Sources */,
				34CFC6341D91B9B0008762B0 /* DarkSkyClient.swift in Sources */,
				3427494F1DACF39B008359FA /* LocationControllerDelegate.swift in Sources */,
				3470408C1D97A5C80024BDF1 /* DarkSkyUnits.swift in Sources */,
				347040861D9576F70024BDF1 /* DarkSkyForecastInit.swift in Sources */,
				3427494D1DACF0A7008359FA /* LocationController.swift in Sources */,
				347040841D9576D10024BDF1 /* DarkSkyForecast.swift in Sources */,
				34CFC6021D91A837008762B0 /* AppDelegate.swift in Sources */,
				349DA01D1DAA41F700A37AA4 /* MoonIcon.swift in Sources */,
				34F662B61DA51C4500BB6302 /* Compass.swift in Sources */,
				347040881D9693C20024BDF1 /* DataPoint.swift in Sources */,
				3470408A1D9694020024BDF1 /* DataPointInit.swift in Sources */,
			);
			runOnlyForDeploymentPostprocessing = 0;
		};
		34CFC60E1D91A837008762B0 /* Sources */ = {
			isa = PBXSourcesBuildPhase;
			buildActionMask = 2147483647;
			files = (
				343FDB1A1D99BDAD00689412 /* DataPointTests.swift in Sources */,
				343BA01C1D9A593E003AAC9C /* DarkSkyUnitsTests.swift in Sources */,
				34CFC6381D91DB8F008762B0 /* LocationTests.swift in Sources */,
				34CFC6321D91B928008762B0 /* DarkSkyClientTests.swift in Sources */,
				343658301DA8F34400B3E9DD /* DetailedForecastTests.swift in Sources */,
				3436582E1DA8EF8700B3E9DD /* WeatherIconTests.swift in Sources */,
			);
			runOnlyForDeploymentPostprocessing = 0;
		};
/* End PBXSourcesBuildPhase section */

/* Begin PBXTargetDependency section */
		34CFC6141D91A837008762B0 /* PBXTargetDependency */ = {
			isa = PBXTargetDependency;
			target = 34CFC5FD1D91A837008762B0 /* Raincoat */;
			targetProxy = 34CFC6131D91A837008762B0 /* PBXContainerItemProxy */;
		};
/* End PBXTargetDependency section */

/* Begin PBXVariantGroup section */
		34CFC6051D91A837008762B0 /* Main.storyboard */ = {
			isa = PBXVariantGroup;
			children = (
				34CFC6061D91A837008762B0 /* Base */,
			);
			name = Main.storyboard;
			sourceTree = "<group>";
		};
		34CFC60A1D91A837008762B0 /* LaunchScreen.storyboard */ = {
			isa = PBXVariantGroup;
			children = (
				34CFC60B1D91A837008762B0 /* Base */,
			);
			name = LaunchScreen.storyboard;
			sourceTree = "<group>";
		};
/* End PBXVariantGroup section */

/* Begin XCBuildConfiguration section */
		34CFC6241D91A837008762B0 /* Debug */ = {
			isa = XCBuildConfiguration;
			buildSettings = {
				ALWAYS_SEARCH_USER_PATHS = NO;
				CLANG_ANALYZER_NONNULL = YES;
				CLANG_CXX_LANGUAGE_STANDARD = "gnu++0x";
				CLANG_CXX_LIBRARY = "libc++";
				CLANG_ENABLE_MODULES = YES;
				CLANG_ENABLE_OBJC_ARC = YES;
				CLANG_WARN_BOOL_CONVERSION = YES;
				CLANG_WARN_CONSTANT_CONVERSION = YES;
				CLANG_WARN_DIRECT_OBJC_ISA_USAGE = YES_ERROR;
				CLANG_WARN_DOCUMENTATION_COMMENTS = YES;
				CLANG_WARN_EMPTY_BODY = YES;
				CLANG_WARN_ENUM_CONVERSION = YES;
				CLANG_WARN_INFINITE_RECURSION = YES;
				CLANG_WARN_INT_CONVERSION = YES;
				CLANG_WARN_OBJC_ROOT_CLASS = YES_ERROR;
				CLANG_WARN_SUSPICIOUS_MOVE = YES;
				CLANG_WARN_SUSPICIOUS_MOVES = YES;
				CLANG_WARN_UNREACHABLE_CODE = YES;
				CLANG_WARN__DUPLICATE_METHOD_MATCH = YES;
				"CODE_SIGN_IDENTITY[sdk=iphoneos*]" = "iPhone Developer";
				COPY_PHASE_STRIP = NO;
				DEBUG_INFORMATION_FORMAT = dwarf;
				ENABLE_STRICT_OBJC_MSGSEND = YES;
				ENABLE_TESTABILITY = YES;
				GCC_C_LANGUAGE_STANDARD = gnu99;
				GCC_DYNAMIC_NO_PIC = NO;
				GCC_NO_COMMON_BLOCKS = YES;
				GCC_OPTIMIZATION_LEVEL = 0;
				GCC_PREPROCESSOR_DEFINITIONS = (
					"DEBUG=1",
					"$(inherited)",
				);
				GCC_WARN_64_TO_32_BIT_CONVERSION = YES;
				GCC_WARN_ABOUT_RETURN_TYPE = YES_ERROR;
				GCC_WARN_UNDECLARED_SELECTOR = YES;
				GCC_WARN_UNINITIALIZED_AUTOS = YES_AGGRESSIVE;
				GCC_WARN_UNUSED_FUNCTION = YES;
				GCC_WARN_UNUSED_VARIABLE = YES;
				IPHONEOS_DEPLOYMENT_TARGET = 10.0;
				MTL_ENABLE_DEBUG_INFO = YES;
				ONLY_ACTIVE_ARCH = YES;
				SDKROOT = iphoneos;
				SWIFT_ACTIVE_COMPILATION_CONDITIONS = DEBUG;
				SWIFT_OPTIMIZATION_LEVEL = "-Onone";
				TARGETED_DEVICE_FAMILY = "1,2";
			};
			name = Debug;
		};
		34CFC6251D91A837008762B0 /* Release */ = {
			isa = XCBuildConfiguration;
			buildSettings = {
				ALWAYS_SEARCH_USER_PATHS = NO;
				CLANG_ANALYZER_NONNULL = YES;
				CLANG_CXX_LANGUAGE_STANDARD = "gnu++0x";
				CLANG_CXX_LIBRARY = "libc++";
				CLANG_ENABLE_MODULES = YES;
				CLANG_ENABLE_OBJC_ARC = YES;
				CLANG_WARN_BOOL_CONVERSION = YES;
				CLANG_WARN_CONSTANT_CONVERSION = YES;
				CLANG_WARN_DIRECT_OBJC_ISA_USAGE = YES_ERROR;
				CLANG_WARN_DOCUMENTATION_COMMENTS = YES;
				CLANG_WARN_EMPTY_BODY = YES;
				CLANG_WARN_ENUM_CONVERSION = YES;
				CLANG_WARN_INFINITE_RECURSION = YES;
				CLANG_WARN_INT_CONVERSION = YES;
				CLANG_WARN_OBJC_ROOT_CLASS = YES_ERROR;
				CLANG_WARN_SUSPICIOUS_MOVE = YES;
				CLANG_WARN_SUSPICIOUS_MOVES = YES;
				CLANG_WARN_UNREACHABLE_CODE = YES;
				CLANG_WARN__DUPLICATE_METHOD_MATCH = YES;
				"CODE_SIGN_IDENTITY[sdk=iphoneos*]" = "iPhone Developer";
				COPY_PHASE_STRIP = NO;
				DEBUG_INFORMATION_FORMAT = "dwarf-with-dsym";
				ENABLE_NS_ASSERTIONS = NO;
				ENABLE_STRICT_OBJC_MSGSEND = YES;
				GCC_C_LANGUAGE_STANDARD = gnu99;
				GCC_NO_COMMON_BLOCKS = YES;
				GCC_WARN_64_TO_32_BIT_CONVERSION = YES;
				GCC_WARN_ABOUT_RETURN_TYPE = YES_ERROR;
				GCC_WARN_UNDECLARED_SELECTOR = YES;
				GCC_WARN_UNINITIALIZED_AUTOS = YES_AGGRESSIVE;
				GCC_WARN_UNUSED_FUNCTION = YES;
				GCC_WARN_UNUSED_VARIABLE = YES;
				IPHONEOS_DEPLOYMENT_TARGET = 10.0;
				MTL_ENABLE_DEBUG_INFO = NO;
				SDKROOT = iphoneos;
				SWIFT_OPTIMIZATION_LEVEL = "-Owholemodule";
				TARGETED_DEVICE_FAMILY = "1,2";
				VALIDATE_PRODUCT = YES;
			};
			name = Release;
		};
		34CFC6271D91A837008762B0 /* Debug */ = {
			isa = XCBuildConfiguration;
			buildSettings = {
				ASSETCATALOG_COMPILER_APPICON_NAME = AppIcon;
				DEVELOPMENT_TEAM = 27QRRWZMS6;
				INFOPLIST_FILE = Raincoat/Info.plist;
				IPHONEOS_DEPLOYMENT_TARGET = 10.0;
				LD_RUNPATH_SEARCH_PATHS = "$(inherited) @executable_path/Frameworks";
				PRODUCT_BUNDLE_IDENTIFIER = com.vjosullivan.Raincoat;
				PRODUCT_NAME = "$(TARGET_NAME)";
				SWIFT_VERSION = 3.0;
			};
			name = Debug;
		};
		34CFC6281D91A837008762B0 /* Release */ = {
			isa = XCBuildConfiguration;
			buildSettings = {
				ASSETCATALOG_COMPILER_APPICON_NAME = AppIcon;
				DEVELOPMENT_TEAM = 27QRRWZMS6;
				INFOPLIST_FILE = Raincoat/Info.plist;
				IPHONEOS_DEPLOYMENT_TARGET = 10.0;
				LD_RUNPATH_SEARCH_PATHS = "$(inherited) @executable_path/Frameworks";
				PRODUCT_BUNDLE_IDENTIFIER = com.vjosullivan.Raincoat;
				PRODUCT_NAME = "$(TARGET_NAME)";
				SWIFT_VERSION = 3.0;
			};
			name = Release;
		};
		34CFC62A1D91A837008762B0 /* Debug */ = {
			isa = XCBuildConfiguration;
			buildSettings = {
				ALWAYS_EMBED_SWIFT_STANDARD_LIBRARIES = YES;
				BUNDLE_LOADER = "$(TEST_HOST)";
				DEVELOPMENT_TEAM = 27QRRWZMS6;
				INFOPLIST_FILE = RaincoatTests/Info.plist;
				LD_RUNPATH_SEARCH_PATHS = "$(inherited) @executable_path/Frameworks @loader_path/Frameworks";
				PRODUCT_BUNDLE_IDENTIFIER = com.vjosullivan.RaincoatTests;
				PRODUCT_NAME = "$(TARGET_NAME)";
				SWIFT_VERSION = 3.0;
				TEST_HOST = "$(BUILT_PRODUCTS_DIR)/Raincoat.app/Raincoat";
			};
			name = Debug;
		};
		34CFC62B1D91A837008762B0 /* Release */ = {
			isa = XCBuildConfiguration;
			buildSettings = {
				ALWAYS_EMBED_SWIFT_STANDARD_LIBRARIES = YES;
				BUNDLE_LOADER = "$(TEST_HOST)";
				DEVELOPMENT_TEAM = 27QRRWZMS6;
				INFOPLIST_FILE = RaincoatTests/Info.plist;
				LD_RUNPATH_SEARCH_PATHS = "$(inherited) @executable_path/Frameworks @loader_path/Frameworks";
				PRODUCT_BUNDLE_IDENTIFIER = com.vjosullivan.RaincoatTests;
				PRODUCT_NAME = "$(TARGET_NAME)";
				SWIFT_VERSION = 3.0;
				TEST_HOST = "$(BUILT_PRODUCTS_DIR)/Raincoat.app/Raincoat";
			};
			name = Release;
		};
/* End XCBuildConfiguration section */

/* Begin XCConfigurationList section */
		34CFC5F91D91A837008762B0 /* Build configuration list for PBXProject "Raincoat" */ = {
			isa = XCConfigurationList;
			buildConfigurations = (
				34CFC6241D91A837008762B0 /* Debug */,
				34CFC6251D91A837008762B0 /* Release */,
			);
			defaultConfigurationIsVisible = 0;
			defaultConfigurationName = Release;
		};
		34CFC6261D91A837008762B0 /* Build configuration list for PBXNativeTarget "Raincoat" */ = {
			isa = XCConfigurationList;
			buildConfigurations = (
				34CFC6271D91A837008762B0 /* Debug */,
				34CFC6281D91A837008762B0 /* Release */,
			);
			defaultConfigurationIsVisible = 0;
			defaultConfigurationName = Release;
		};
		34CFC6291D91A837008762B0 /* Build configuration list for PBXNativeTarget "RaincoatTests" */ = {
			isa = XCConfigurationList;
			buildConfigurations = (
				34CFC62A1D91A837008762B0 /* Debug */,
				34CFC62B1D91A837008762B0 /* Release */,
			);
			defaultConfigurationIsVisible = 0;
			defaultConfigurationName = Release;
		};
/* End XCConfigurationList section */
	};
	rootObject = 34CFC5F61D91A837008762B0 /* Project object */;
}
